
Microsoft Visual Studio Solution File, Format Version 12.00
# Visual Studio 15
VisualStudioVersion = 15.0.28010.2046
MinimumVisualStudioVersion = 10.0.40219.1
Project("{FAE04EC0-301F-11D3-BF4B-00C04F79EFBC}") = "Task_01", "Task_01\Task_01.csproj", "{C8C38488-199E-4E64-AD6F-A211BEBF9CF1}"
EndProject
Project("{FAE04EC0-301F-11D3-BF4B-00C04F79EFBC}") = "Task_02", "Task_02\Task_02.csproj", "{260351ED-536F-4255-946F-B48EAED1C60F}"
EndProject
Project("{FAE04EC0-301F-11D3-BF4B-00C04F79EFBC}") = "Task_03", "Task_03\Task_03.csproj", "{5AE90DE3-BAC7-4C28-B846-A727C0ACC344}"
EndProject
Project("{FAE04EC0-301F-11D3-BF4B-00C04F79EFBC}") = "Task_04", "Task_04\Task_04.csproj", "{B35018F8-CEA9-42D8-A3EB-506FA5E8F5D9}"
EndProject
Project("{FAE04EC0-301F-11D3-BF4B-00C04F79EFBC}") = "Task_05", "Task_05\Task_05.csproj", "{967EEE01-3AAB-4A4D-AD99-19C5489A3DD9}"
EndProject
Project("{FAE04EC0-301F-11D3-BF4B-00C04F79EFBC}") = "Task_06", "Task_06\Task_06.csproj", "{73AEA315-FC0D-48D6-9BE9-7253B4954AB3}"
EndProject
Project("{FAE04EC0-301F-11D3-BF4B-00C04F79EFBC}") = "Task_07", "Task_07\Task_07.csproj", "{AD5A30B3-28D9-4629-A111-5E908F6B1EED}"
EndProject
Project("{FAE04EC0-301F-11D3-BF4B-00C04F79EFBC}") = "Task_08", "Task_08\Task_08.csproj", "{4348E65F-A1C4-4F03-B32B-E75066F3D65B}"
EndProject
Project("{FAE04EC0-301F-11D3-BF4B-00C04F79EFBC}") = "Task_09", "Task_09\Task_09.csproj", "{0D6226D5-6264-4BE5-8A5B-A588501CADA1}"
EndProject
Project("{FAE04EC0-301F-11D3-BF4B-00C04F79EFBC}") = "Task_10", "Task_10\Task_10.csproj", "{28B5CD3F-B107-49BE-8136-FBD3B0150626}"
EndProject
Project("{FAE04EC0-301F-11D3-BF4B-00C04F79EFBC}") = "Task_11", "Task_11\Task_11.csproj", "{B6A2A4FD-4F36-4429-8BB0-A0FBCEBDAECA}"
EndProject
Project("{FAE04EC0-301F-11D3-BF4B-00C04F79EFBC}") = "Task_12", "Task_12\Task_12.csproj", "{EA92D662-F7D3-41A9-809F-D42769760A19}"
EndProject
Project("{FAE04EC0-301F-11D3-BF4B-00C04F79EFBC}") = "Task_13", "Task_13\Task_13.csproj", "{B134DEDA-AE11-492A-A276-F0475BB20DC9}"
EndProject
Project("{FAE04EC0-301F-11D3-BF4B-00C04F79EFBC}") = "Task_14", "Task_14\Task_14.csproj", "{EA549CB7-D751-4FB7-9464-8981BF2B7D55}"
EndProject
Project("{FAE04EC0-301F-11D3-BF4B-00C04F79EFBC}") = "Task_15", "Task_15\Task_15.csproj", "{62EBB6BE-BC32-4655-8FBD-44FD84D1AC63}"
EndProject
Project("{FAE04EC0-301F-11D3-BF4B-00C04F79EFBC}") = "Task_16", "Task_16\Task_16.csproj", "{4237C2F4-7250-43A6-95C5-11579A3DDD84}"
EndProject
Project("{FAE04EC0-301F-11D3-BF4B-00C04F79EFBC}") = "Task_17", "Task_17\Task_17.csproj", "{813CE6F0-2E50-4160-B099-6AC5678FE9D7}"
EndProject
Project("{FAE04EC0-301F-11D3-BF4B-00C04F79EFBC}") = "Task_18", "Task_18\Task_18.csproj", "{14032A80-2B0D-4710-8B80-41252FA46CA0}"
EndProject
Project("{FAE04EC0-301F-11D3-BF4B-00C04F79EFBC}") = "Task_19", "Task_19\Task_19.csproj", "{1DE05766-8453-4E01-B33F-CE1B988AF8A3}"
EndProject
Project("{FAE04EC0-301F-11D3-BF4B-00C04F79EFBC}") = "Task_20", "Task_20\Task_20.csproj", "{83F7EBBC-2912-49AE-AAA5-AE02D64505E5}"
EndProject
Project("{FAE04EC0-301F-11D3-BF4B-00C04F79EFBC}") = "Task_21", "Task_21\Task_21.csproj", "{998C64B6-6BA5-49A4-B3B7-0BE004A5A86B}"
EndProject
Project("{FAE04EC0-301F-11D3-BF4B-00C04F79EFBC}") = "Task_22", "Task_22\Task_22.csproj", "{9C5A703E-0843-4D0C-BEF4-3F16F09F16B7}"
EndProject
Project("{FAE04EC0-301F-11D3-BF4B-00C04F79EFBC}") = "Task_23", "Task_23\Task_23.csproj", "{3B8C3063-3CFE-44F4-A4E4-8104AD01CD5A}"
EndProject
Global
	GlobalSection(SolutionConfigurationPlatforms) = preSolution
		Debug|Any CPU = Debug|Any CPU
		Release|Any CPU = Release|Any CPU
	EndGlobalSection
	GlobalSection(ProjectConfigurationPlatforms) = postSolution
		{C8C38488-199E-4E64-AD6F-A211BEBF9CF1}.Debug|Any CPU.ActiveCfg = Debug|Any CPU
		{C8C38488-199E-4E64-AD6F-A211BEBF9CF1}.Debug|Any CPU.Build.0 = Debug|Any CPU
		{C8C38488-199E-4E64-AD6F-A211BEBF9CF1}.Release|Any CPU.ActiveCfg = Release|Any CPU
		{C8C38488-199E-4E64-AD6F-A211BEBF9CF1}.Release|Any CPU.Build.0 = Release|Any CPU
		{260351ED-536F-4255-946F-B48EAED1C60F}.Debug|Any CPU.ActiveCfg = Debug|Any CPU
		{260351ED-536F-4255-946F-B48EAED1C60F}.Debug|Any CPU.Build.0 = Debug|Any CPU
		{260351ED-536F-4255-946F-B48EAED1C60F}.Release|Any CPU.ActiveCfg = Release|Any CPU
		{260351ED-536F-4255-946F-B48EAED1C60F}.Release|Any CPU.Build.0 = Release|Any CPU
		{5AE90DE3-BAC7-4C28-B846-A727C0ACC344}.Debug|Any CPU.ActiveCfg = Debug|Any CPU
		{5AE90DE3-BAC7-4C28-B846-A727C0ACC344}.Debug|Any CPU.Build.0 = Debug|Any CPU
		{5AE90DE3-BAC7-4C28-B846-A727C0ACC344}.Release|Any CPU.ActiveCfg = Release|Any CPU
		{5AE90DE3-BAC7-4C28-B846-A727C0ACC344}.Release|Any CPU.Build.0 = Release|Any CPU
		{B35018F8-CEA9-42D8-A3EB-506FA5E8F5D9}.Debug|Any CPU.ActiveCfg = Debug|Any CPU
		{B35018F8-CEA9-42D8-A3EB-506FA5E8F5D9}.Debug|Any CPU.Build.0 = Debug|Any CPU
		{B35018F8-CEA9-42D8-A3EB-506FA5E8F5D9}.Release|Any CPU.ActiveCfg = Release|Any CPU
		{B35018F8-CEA9-42D8-A3EB-506FA5E8F5D9}.Release|Any CPU.Build.0 = Release|Any CPU
		{967EEE01-3AAB-4A4D-AD99-19C5489A3DD9}.Debug|Any CPU.ActiveCfg = Debug|Any CPU
		{967EEE01-3AAB-4A4D-AD99-19C5489A3DD9}.Debug|Any CPU.Build.0 = Debug|Any CPU
		{967EEE01-3AAB-4A4D-AD99-19C5489A3DD9}.Release|Any CPU.ActiveCfg = Release|Any CPU
		{967EEE01-3AAB-4A4D-AD99-19C5489A3DD9}.Release|Any CPU.Build.0 = Release|Any CPU
		{73AEA315-FC0D-48D6-9BE9-7253B4954AB3}.Debug|Any CPU.ActiveCfg = Debug|Any CPU
		{73AEA315-FC0D-48D6-9BE9-7253B4954AB3}.Debug|Any CPU.Build.0 = Debug|Any CPU
		{73AEA315-FC0D-48D6-9BE9-7253B4954AB3}.Release|Any CPU.ActiveCfg = Release|Any CPU
		{73AEA315-FC0D-48D6-9BE9-7253B4954AB3}.Release|Any CPU.Build.0 = Release|Any CPU
		{AD5A30B3-28D9-4629-A111-5E908F6B1EED}.Debug|Any CPU.ActiveCfg = Debug|Any CPU
		{AD5A30B3-28D9-4629-A111-5E908F6B1EED}.Debug|Any CPU.Build.0 = Debug|Any CPU
		{AD5A30B3-28D9-4629-A111-5E908F6B1EED}.Release|Any CPU.ActiveCfg = Release|Any CPU
		{AD5A30B3-28D9-4629-A111-5E908F6B1EED}.Release|Any CPU.Build.0 = Release|Any CPU
		{4348E65F-A1C4-4F03-B32B-E75066F3D65B}.Debug|Any CPU.ActiveCfg = Debug|Any CPU
		{4348E65F-A1C4-4F03-B32B-E75066F3D65B}.Debug|Any CPU.Build.0 = Debug|Any CPU
		{4348E65F-A1C4-4F03-B32B-E75066F3D65B}.Release|Any CPU.ActiveCfg = Release|Any CPU
		{4348E65F-A1C4-4F03-B32B-E75066F3D65B}.Release|Any CPU.Build.0 = Release|Any CPU
		{0D6226D5-6264-4BE5-8A5B-A588501CADA1}.Debug|Any CPU.ActiveCfg = Debug|Any CPU
		{0D6226D5-6264-4BE5-8A5B-A588501CADA1}.Debug|Any CPU.Build.0 = Debug|Any CPU
		{0D6226D5-6264-4BE5-8A5B-A588501CADA1}.Release|Any CPU.ActiveCfg = Release|Any CPU
		{0D6226D5-6264-4BE5-8A5B-A588501CADA1}.Release|Any CPU.Build.0 = Release|Any CPU
		{28B5CD3F-B107-49BE-8136-FBD3B0150626}.Debug|Any CPU.ActiveCfg = Debug|Any CPU
		{28B5CD3F-B107-49BE-8136-FBD3B0150626}.Debug|Any CPU.Build.0 = Debug|Any CPU
		{28B5CD3F-B107-49BE-8136-FBD3B0150626}.Release|Any CPU.ActiveCfg = Release|Any CPU
		{28B5CD3F-B107-49BE-8136-FBD3B0150626}.Release|Any CPU.Build.0 = Release|Any CPU
		{B6A2A4FD-4F36-4429-8BB0-A0FBCEBDAECA}.Debug|Any CPU.ActiveCfg = Debug|Any CPU
		{B6A2A4FD-4F36-4429-8BB0-A0FBCEBDAECA}.Debug|Any CPU.Build.0 = Debug|Any CPU
		{B6A2A4FD-4F36-4429-8BB0-A0FBCEBDAECA}.Release|Any CPU.ActiveCfg = Release|Any CPU
		{B6A2A4FD-4F36-4429-8BB0-A0FBCEBDAECA}.Release|Any CPU.Build.0 = Release|Any CPU
		{EA92D662-F7D3-41A9-809F-D42769760A19}.Debug|Any CPU.ActiveCfg = Debug|Any CPU
		{EA92D662-F7D3-41A9-809F-D42769760A19}.Debug|Any CPU.Build.0 = Debug|Any CPU
		{EA92D662-F7D3-41A9-809F-D42769760A19}.Release|Any CPU.ActiveCfg = Release|Any CPU
		{EA92D662-F7D3-41A9-809F-D42769760A19}.Release|Any CPU.Build.0 = Release|Any CPU
		{B134DEDA-AE11-492A-A276-F0475BB20DC9}.Debug|Any CPU.ActiveCfg = Debug|Any CPU
		{B134DEDA-AE11-492A-A276-F0475BB20DC9}.Debug|Any CPU.Build.0 = Debug|Any CPU
		{B134DEDA-AE11-492A-A276-F0475BB20DC9}.Release|Any CPU.ActiveCfg = Release|Any CPU
		{B134DEDA-AE11-492A-A276-F0475BB20DC9}.Release|Any CPU.Build.0 = Release|Any CPU
		{EA549CB7-D751-4FB7-9464-8981BF2B7D55}.Debug|Any CPU.ActiveCfg = Debug|Any CPU
		{EA549CB7-D751-4FB7-9464-8981BF2B7D55}.Debug|Any CPU.Build.0 = Debug|Any CPU
		{EA549CB7-D751-4FB7-9464-8981BF2B7D55}.Release|Any CPU.ActiveCfg = Release|Any CPU
		{EA549CB7-D751-4FB7-9464-8981BF2B7D55}.Release|Any CPU.Build.0 = Release|Any CPU
		{62EBB6BE-BC32-4655-8FBD-44FD84D1AC63}.Debug|Any CPU.ActiveCfg = Debug|Any CPU
		{62EBB6BE-BC32-4655-8FBD-44FD84D1AC63}.Debug|Any CPU.Build.0 = Debug|Any CPU
		{62EBB6BE-BC32-4655-8FBD-44FD84D1AC63}.Release|Any CPU.ActiveCfg = Release|Any CPU
		{62EBB6BE-BC32-4655-8FBD-44FD84D1AC63}.Release|Any CPU.Build.0 = Release|Any CPU
		{4237C2F4-7250-43A6-95C5-11579A3DDD84}.Debug|Any CPU.ActiveCfg = Debug|Any CPU
		{4237C2F4-7250-43A6-95C5-11579A3DDD84}.Debug|Any CPU.Build.0 = Debug|Any CPU
		{4237C2F4-7250-43A6-95C5-11579A3DDD84}.Release|Any CPU.ActiveCfg = Release|Any CPU
		{4237C2F4-7250-43A6-95C5-11579A3DDD84}.Release|Any CPU.Build.0 = Release|Any CPU
		{813CE6F0-2E50-4160-B099-6AC5678FE9D7}.Debug|Any CPU.ActiveCfg = Debug|Any CPU
		{813CE6F0-2E50-4160-B099-6AC5678FE9D7}.Debug|Any CPU.Build.0 = Debug|Any CPU
		{813CE6F0-2E50-4160-B099-6AC5678FE9D7}.Release|Any CPU.ActiveCfg = Release|Any CPU
		{813CE6F0-2E50-4160-B099-6AC5678FE9D7}.Release|Any CPU.Build.0 = Release|Any CPU
		{14032A80-2B0D-4710-8B80-41252FA46CA0}.Debug|Any CPU.ActiveCfg = Debug|Any CPU
		{14032A80-2B0D-4710-8B80-41252FA46CA0}.Debug|Any CPU.Build.0 = Debug|Any CPU
		{14032A80-2B0D-4710-8B80-41252FA46CA0}.Release|Any CPU.ActiveCfg = Release|Any CPU
		{14032A80-2B0D-4710-8B80-41252FA46CA0}.Release|Any CPU.Build.0 = Release|Any CPU
		{1DE05766-8453-4E01-B33F-CE1B988AF8A3}.Debug|Any CPU.ActiveCfg = Debug|Any CPU
		{1DE05766-8453-4E01-B33F-CE1B988AF8A3}.Debug|Any CPU.Build.0 = Debug|Any CPU
		{1DE05766-8453-4E01-B33F-CE1B988AF8A3}.Release|Any CPU.ActiveCfg = Release|Any CPU
		{1DE05766-8453-4E01-B33F-CE1B988AF8A3}.Release|Any CPU.Build.0 = Release|Any CPU
		{83F7EBBC-2912-49AE-AAA5-AE02D64505E5}.Debug|Any CPU.ActiveCfg = Debug|Any CPU
		{83F7EBBC-2912-49AE-AAA5-AE02D64505E5}.Debug|Any CPU.Build.0 = Debug|Any CPU
		{83F7EBBC-2912-49AE-AAA5-AE02D64505E5}.Release|Any CPU.ActiveCfg = Release|Any CPU
		{83F7EBBC-2912-49AE-AAA5-AE02D64505E5}.Release|Any CPU.Build.0 = Release|Any CPU
		{998C64B6-6BA5-49A4-B3B7-0BE004A5A86B}.Debug|Any CPU.ActiveCfg = Debug|Any CPU
		{998C64B6-6BA5-49A4-B3B7-0BE004A5A86B}.Debug|Any CPU.Build.0 = Debug|Any CPU
		{998C64B6-6BA5-49A4-B3B7-0BE004A5A86B}.Release|Any CPU.ActiveCfg = Release|Any CPU
		{998C64B6-6BA5-49A4-B3B7-0BE004A5A86B}.Release|Any CPU.Build.0 = Release|Any CPU
		{9C5A703E-0843-4D0C-BEF4-3F16F09F16B7}.Debug|Any CPU.ActiveCfg = Debug|Any CPU
		{9C5A703E-0843-4D0C-BEF4-3F16F09F16B7}.Debug|Any CPU.Build.0 = Debug|Any CPU
		{9C5A703E-0843-4D0C-BEF4-3F16F09F16B7}.Release|Any CPU.ActiveCfg = Release|Any CPU
		{9C5A703E-0843-4D0C-BEF4-3F16F09F16B7}.Release|Any CPU.Build.0 = Release|Any CPU
		{3B8C3063-3CFE-44F4-A4E4-8104AD01CD5A}.Debug|Any CPU.ActiveCfg = Debug|Any CPU
		{3B8C3063-3CFE-44F4-A4E4-8104AD01CD5A}.Debug|Any CPU.Build.0 = Debug|Any CPU
		{3B8C3063-3CFE-44F4-A4E4-8104AD01CD5A}.Release|Any CPU.ActiveCfg = Release|Any CPU
		{3B8C3063-3CFE-44F4-A4E4-8104AD01CD5A}.Release|Any CPU.Build.0 = Release|Any CPU
	EndGlobalSection
	GlobalSection(SolutionProperties) = preSolution
		HideSolutionNode = FALSE
	EndGlobalSection
	GlobalSection(ExtensibilityGlobals) = postSolution
		SolutionGuid = {BC585B76-5DA9-4288-9991-55CE637014C6}
	EndGlobalSection
EndGlobal
