
Microsoft Visual Studio Solution File, Format Version 12.00
# Visual Studio 15
VisualStudioVersion = 15.0.28010.2046
MinimumVisualStudioVersion = 10.0.40219.1
Project("{FAE04EC0-301F-11D3-BF4B-00C04F79EFBC}") = "Task_01", "Task_01\Task_01.csproj", "{88656936-7A68-479B-AB47-578ADF6DA411}"
EndProject
Project("{FAE04EC0-301F-11D3-BF4B-00C04F79EFBC}") = "Task_02", "Task_02\Task_02.csproj", "{6DC56B7A-D791-421D-84CA-50E71624AC77}"
EndProject
Project("{FAE04EC0-301F-11D3-BF4B-00C04F79EFBC}") = "Task_03", "Task_03\Task_03.csproj", "{C694F339-6349-4961-819B-FFBEE8493235}"
EndProject
Project("{FAE04EC0-301F-11D3-BF4B-00C04F79EFBC}") = "Task_04", "Task_04\Task_04.csproj", "{E1049E39-D361-4B2F-8F51-7773BAA3D16E}"
EndProject
Project("{FAE04EC0-301F-11D3-BF4B-00C04F79EFBC}") = "Task_05", "Task_05\Task_05.csproj", "{368181F7-9470-49EF-A133-18CECA078653}"
EndProject
Project("{FAE04EC0-301F-11D3-BF4B-00C04F79EFBC}") = "Task_06", "Task_06\Task_06.csproj", "{05AB1E21-E354-446A-BAFF-C7EC7C974065}"
EndProject
Project("{FAE04EC0-301F-11D3-BF4B-00C04F79EFBC}") = "Task_07", "Task_07\Task_07.csproj", "{B7CF7D6E-06D8-4D7C-82E0-B9C5AF4D003F}"
EndProject
Project("{FAE04EC0-301F-11D3-BF4B-00C04F79EFBC}") = "Task_08", "Task_08\Task_08.csproj", "{AEE22CDE-5574-4236-8B55-EA144C10D823}"
EndProject
Project("{FAE04EC0-301F-11D3-BF4B-00C04F79EFBC}") = "Task_09", "Task_09\Task_09.csproj", "{C245CBBD-FB7D-4D1C-81E8-0A0A42454090}"
EndProject
Project("{FAE04EC0-301F-11D3-BF4B-00C04F79EFBC}") = "Task_10", "Task_10\Task_10.csproj", "{27967245-64B2-4F40-878A-CA8E2C535057}"
EndProject
Project("{FAE04EC0-301F-11D3-BF4B-00C04F79EFBC}") = "Task_11", "Task_11\Task_11.csproj", "{8D668CF5-10DB-45DB-A399-8794057CE813}"
EndProject
Project("{FAE04EC0-301F-11D3-BF4B-00C04F79EFBC}") = "Task_12", "Task_12\Task_12.csproj", "{ED610462-8851-4E81-A19E-5699BDBB01E9}"
EndProject
Project("{FAE04EC0-301F-11D3-BF4B-00C04F79EFBC}") = "Task_13", "Task_13\Task_13.csproj", "{D352B4B9-9B85-4828-A1F6-6342BB92D7A1}"
EndProject
Global
	GlobalSection(SolutionConfigurationPlatforms) = preSolution
		Debug|Any CPU = Debug|Any CPU
		Release|Any CPU = Release|Any CPU
	EndGlobalSection
	GlobalSection(ProjectConfigurationPlatforms) = postSolution
		{88656936-7A68-479B-AB47-578ADF6DA411}.Debug|Any CPU.ActiveCfg = Debug|Any CPU
		{88656936-7A68-479B-AB47-578ADF6DA411}.Debug|Any CPU.Build.0 = Debug|Any CPU
		{88656936-7A68-479B-AB47-578ADF6DA411}.Release|Any CPU.ActiveCfg = Release|Any CPU
		{88656936-7A68-479B-AB47-578ADF6DA411}.Release|Any CPU.Build.0 = Release|Any CPU
		{6DC56B7A-D791-421D-84CA-50E71624AC77}.Debug|Any CPU.ActiveCfg = Debug|Any CPU
		{6DC56B7A-D791-421D-84CA-50E71624AC77}.Debug|Any CPU.Build.0 = Debug|Any CPU
		{6DC56B7A-D791-421D-84CA-50E71624AC77}.Release|Any CPU.ActiveCfg = Release|Any CPU
		{6DC56B7A-D791-421D-84CA-50E71624AC77}.Release|Any CPU.Build.0 = Release|Any CPU
		{C694F339-6349-4961-819B-FFBEE8493235}.Debug|Any CPU.ActiveCfg = Debug|Any CPU
		{C694F339-6349-4961-819B-FFBEE8493235}.Debug|Any CPU.Build.0 = Debug|Any CPU
		{C694F339-6349-4961-819B-FFBEE8493235}.Release|Any CPU.ActiveCfg = Release|Any CPU
		{C694F339-6349-4961-819B-FFBEE8493235}.Release|Any CPU.Build.0 = Release|Any CPU
		{E1049E39-D361-4B2F-8F51-7773BAA3D16E}.Debug|Any CPU.ActiveCfg = Debug|Any CPU
		{E1049E39-D361-4B2F-8F51-7773BAA3D16E}.Debug|Any CPU.Build.0 = Debug|Any CPU
		{E1049E39-D361-4B2F-8F51-7773BAA3D16E}.Release|Any CPU.ActiveCfg = Release|Any CPU
		{E1049E39-D361-4B2F-8F51-7773BAA3D16E}.Release|Any CPU.Build.0 = Release|Any CPU
		{368181F7-9470-49EF-A133-18CECA078653}.Debug|Any CPU.ActiveCfg = Debug|Any CPU
		{368181F7-9470-49EF-A133-18CECA078653}.Debug|Any CPU.Build.0 = Debug|Any CPU
		{368181F7-9470-49EF-A133-18CECA078653}.Release|Any CPU.ActiveCfg = Release|Any CPU
		{368181F7-9470-49EF-A133-18CECA078653}.Release|Any CPU.Build.0 = Release|Any CPU
		{05AB1E21-E354-446A-BAFF-C7EC7C974065}.Debug|Any CPU.ActiveCfg = Debug|Any CPU
		{05AB1E21-E354-446A-BAFF-C7EC7C974065}.Debug|Any CPU.Build.0 = Debug|Any CPU
		{05AB1E21-E354-446A-BAFF-C7EC7C974065}.Release|Any CPU.ActiveCfg = Release|Any CPU
		{05AB1E21-E354-446A-BAFF-C7EC7C974065}.Release|Any CPU.Build.0 = Release|Any CPU
		{B7CF7D6E-06D8-4D7C-82E0-B9C5AF4D003F}.Debug|Any CPU.ActiveCfg = Debug|Any CPU
		{B7CF7D6E-06D8-4D7C-82E0-B9C5AF4D003F}.Debug|Any CPU.Build.0 = Debug|Any CPU
		{B7CF7D6E-06D8-4D7C-82E0-B9C5AF4D003F}.Release|Any CPU.ActiveCfg = Release|Any CPU
		{B7CF7D6E-06D8-4D7C-82E0-B9C5AF4D003F}.Release|Any CPU.Build.0 = Release|Any CPU
		{AEE22CDE-5574-4236-8B55-EA144C10D823}.Debug|Any CPU.ActiveCfg = Debug|Any CPU
		{AEE22CDE-5574-4236-8B55-EA144C10D823}.Debug|Any CPU.Build.0 = Debug|Any CPU
		{AEE22CDE-5574-4236-8B55-EA144C10D823}.Release|Any CPU.ActiveCfg = Release|Any CPU
		{AEE22CDE-5574-4236-8B55-EA144C10D823}.Release|Any CPU.Build.0 = Release|Any CPU
		{C245CBBD-FB7D-4D1C-81E8-0A0A42454090}.Debug|Any CPU.ActiveCfg = Debug|Any CPU
		{C245CBBD-FB7D-4D1C-81E8-0A0A42454090}.Debug|Any CPU.Build.0 = Debug|Any CPU
		{C245CBBD-FB7D-4D1C-81E8-0A0A42454090}.Release|Any CPU.ActiveCfg = Release|Any CPU
		{C245CBBD-FB7D-4D1C-81E8-0A0A42454090}.Release|Any CPU.Build.0 = Release|Any CPU
		{27967245-64B2-4F40-878A-CA8E2C535057}.Debug|Any CPU.ActiveCfg = Debug|Any CPU
		{27967245-64B2-4F40-878A-CA8E2C535057}.Debug|Any CPU.Build.0 = Debug|Any CPU
		{27967245-64B2-4F40-878A-CA8E2C535057}.Release|Any CPU.ActiveCfg = Release|Any CPU
		{27967245-64B2-4F40-878A-CA8E2C535057}.Release|Any CPU.Build.0 = Release|Any CPU
		{8D668CF5-10DB-45DB-A399-8794057CE813}.Debug|Any CPU.ActiveCfg = Debug|Any CPU
		{8D668CF5-10DB-45DB-A399-8794057CE813}.Debug|Any CPU.Build.0 = Debug|Any CPU
		{8D668CF5-10DB-45DB-A399-8794057CE813}.Release|Any CPU.ActiveCfg = Release|Any CPU
		{8D668CF5-10DB-45DB-A399-8794057CE813}.Release|Any CPU.Build.0 = Release|Any CPU
		{ED610462-8851-4E81-A19E-5699BDBB01E9}.Debug|Any CPU.ActiveCfg = Debug|Any CPU
		{ED610462-8851-4E81-A19E-5699BDBB01E9}.Debug|Any CPU.Build.0 = Debug|Any CPU
		{ED610462-8851-4E81-A19E-5699BDBB01E9}.Release|Any CPU.ActiveCfg = Release|Any CPU
		{ED610462-8851-4E81-A19E-5699BDBB01E9}.Release|Any CPU.Build.0 = Release|Any CPU
		{D352B4B9-9B85-4828-A1F6-6342BB92D7A1}.Debug|Any CPU.ActiveCfg = Debug|Any CPU
		{D352B4B9-9B85-4828-A1F6-6342BB92D7A1}.Debug|Any CPU.Build.0 = Debug|Any CPU
		{D352B4B9-9B85-4828-A1F6-6342BB92D7A1}.Release|Any CPU.ActiveCfg = Release|Any CPU
		{D352B4B9-9B85-4828-A1F6-6342BB92D7A1}.Release|Any CPU.Build.0 = Release|Any CPU
	EndGlobalSection
	GlobalSection(SolutionProperties) = preSolution
		HideSolutionNode = FALSE
	EndGlobalSection
	GlobalSection(ExtensibilityGlobals) = postSolution
		SolutionGuid = {DCB2317F-16E2-470E-89C0-B9EA9C47CAAE}
	EndGlobalSection
EndGlobal
