
Microsoft Visual Studio Solution File, Format Version 12.00
# Visual Studio 15
VisualStudioVersion = 15.0.28010.2041
MinimumVisualStudioVersion = 10.0.40219.1
Project("{9A19103F-16F7-4668-BE54-9A1E7A4F7556}") = "HiProgram", "HiProgram\HiProgram.csproj", "{BE4B1500-1445-4F49-83D5-5E264177006D}"
EndProject
Project("{9A19103F-16F7-4668-BE54-9A1E7A4F7556}") = "AgeAfter10Years", "AgeAfter10Years\AgeAfter10Years.csproj", "{A8575A27-5CA7-4E7E-9428-3DAFB504F008}"
EndProject
Project("{9A19103F-16F7-4668-BE54-9A1E7A4F7556}") = "MyUniqueNumber", "MyUniqueNumber\MyUniqueNumber.csproj", "{6169E6D2-B8A9-4C2D-97EC-EFC7B420A397}"
EndProject
Global
	GlobalSection(SolutionConfigurationPlatforms) = preSolution
		Debug|Any CPU = Debug|Any CPU
		Release|Any CPU = Release|Any CPU
	EndGlobalSection
	GlobalSection(ProjectConfigurationPlatforms) = postSolution
		{BE4B1500-1445-4F49-83D5-5E264177006D}.Debug|Any CPU.ActiveCfg = Debug|Any CPU
		{BE4B1500-1445-4F49-83D5-5E264177006D}.Debug|Any CPU.Build.0 = Debug|Any CPU
		{BE4B1500-1445-4F49-83D5-5E264177006D}.Release|Any CPU.ActiveCfg = Release|Any CPU
		{BE4B1500-1445-4F49-83D5-5E264177006D}.Release|Any CPU.Build.0 = Release|Any CPU
		{A8575A27-5CA7-4E7E-9428-3DAFB504F008}.Debug|Any CPU.ActiveCfg = Debug|Any CPU
		{A8575A27-5CA7-4E7E-9428-3DAFB504F008}.Debug|Any CPU.Build.0 = Debug|Any CPU
		{A8575A27-5CA7-4E7E-9428-3DAFB504F008}.Release|Any CPU.ActiveCfg = Release|Any CPU
		{A8575A27-5CA7-4E7E-9428-3DAFB504F008}.Release|Any CPU.Build.0 = Release|Any CPU
		{6169E6D2-B8A9-4C2D-97EC-EFC7B420A397}.Debug|Any CPU.ActiveCfg = Debug|Any CPU
		{6169E6D2-B8A9-4C2D-97EC-EFC7B420A397}.Debug|Any CPU.Build.0 = Debug|Any CPU
		{6169E6D2-B8A9-4C2D-97EC-EFC7B420A397}.Release|Any CPU.ActiveCfg = Release|Any CPU
		{6169E6D2-B8A9-4C2D-97EC-EFC7B420A397}.Release|Any CPU.Build.0 = Release|Any CPU
	EndGlobalSection
	GlobalSection(SolutionProperties) = preSolution
		HideSolutionNode = FALSE
	EndGlobalSection
	GlobalSection(ExtensibilityGlobals) = postSolution
		SolutionGuid = {DEED3E80-CFC3-429A-AA0A-EDFB6D757183}
	EndGlobalSection
EndGlobal
