
Microsoft Visual Studio Solution File, Format Version 12.00
# Visual Studio 15
VisualStudioVersion = 15.0.28010.2046
MinimumVisualStudioVersion = 10.0.40219.1
Project("{FAE04EC0-301F-11D3-BF4B-00C04F79EFBC}") = "Task_01", "Task_01\Task_01.csproj", "{711F1687-D0D2-4C3D-ABE8-68B5802FE1EE}"
EndProject
Project("{FAE04EC0-301F-11D3-BF4B-00C04F79EFBC}") = "Task_02", "Task_02\Task_02.csproj", "{1DA51625-0F2C-4E2A-9FEA-2744D8CC951C}"
EndProject
Project("{FAE04EC0-301F-11D3-BF4B-00C04F79EFBC}") = "Task_03", "Task_03\Task_03.csproj", "{42B6A746-3A77-4E50-92AC-10614CD395BA}"
EndProject
Project("{FAE04EC0-301F-11D3-BF4B-00C04F79EFBC}") = "Task_04", "Task_04\Task_04.csproj", "{7FF29E8F-B67A-4DFA-B8FD-F1B95A870CBA}"
EndProject
Project("{FAE04EC0-301F-11D3-BF4B-00C04F79EFBC}") = "Task_05", "Task_05\Task_05.csproj", "{C59DA070-0562-4CF5-A31B-B5CBCB6B2438}"
EndProject
Project("{FAE04EC0-301F-11D3-BF4B-00C04F79EFBC}") = "Task_06", "Task_06\Task_06.csproj", "{0B9F739E-F9B6-4D5F-9699-BBDA80D599A2}"
EndProject
Project("{FAE04EC0-301F-11D3-BF4B-00C04F79EFBC}") = "Task_07", "Task_07\Task_07.csproj", "{B1D3CD22-CF6C-4728-BCA2-C06365D9E703}"
EndProject
Project("{FAE04EC0-301F-11D3-BF4B-00C04F79EFBC}") = "Task_08", "Task_08\Task_08.csproj", "{F7E8611F-AF9E-441B-91F0-5E3B1C844238}"
EndProject
Project("{FAE04EC0-301F-11D3-BF4B-00C04F79EFBC}") = "Task_09", "Task_09\Task_09.csproj", "{580C4799-F6B9-4EB8-85EA-7163489C97C8}"
EndProject
Project("{FAE04EC0-301F-11D3-BF4B-00C04F79EFBC}") = "Task_10", "Task_10\Task_10.csproj", "{45EA4A43-5454-4F55-80B5-F2A3D86D99B4}"
EndProject
Project("{FAE04EC0-301F-11D3-BF4B-00C04F79EFBC}") = "Task_11", "Task_11\Task_11.csproj", "{D61C818C-1747-4123-8648-2E11D6E2331B}"
EndProject
Project("{FAE04EC0-301F-11D3-BF4B-00C04F79EFBC}") = "Task_12", "Task_12\Task_12.csproj", "{90F53778-3835-4109-AB50-42E727EA991D}"
EndProject
Project("{FAE04EC0-301F-11D3-BF4B-00C04F79EFBC}") = "Task_13", "Task_13\Task_13.csproj", "{81B3BD5D-83D3-4CB8-B210-9894D6228E3D}"
EndProject
Global
	GlobalSection(SolutionConfigurationPlatforms) = preSolution
		Debug|Any CPU = Debug|Any CPU
		Release|Any CPU = Release|Any CPU
	EndGlobalSection
	GlobalSection(ProjectConfigurationPlatforms) = postSolution
		{711F1687-D0D2-4C3D-ABE8-68B5802FE1EE}.Debug|Any CPU.ActiveCfg = Debug|Any CPU
		{711F1687-D0D2-4C3D-ABE8-68B5802FE1EE}.Debug|Any CPU.Build.0 = Debug|Any CPU
		{711F1687-D0D2-4C3D-ABE8-68B5802FE1EE}.Release|Any CPU.ActiveCfg = Release|Any CPU
		{711F1687-D0D2-4C3D-ABE8-68B5802FE1EE}.Release|Any CPU.Build.0 = Release|Any CPU
		{1DA51625-0F2C-4E2A-9FEA-2744D8CC951C}.Debug|Any CPU.ActiveCfg = Debug|Any CPU
		{1DA51625-0F2C-4E2A-9FEA-2744D8CC951C}.Debug|Any CPU.Build.0 = Debug|Any CPU
		{1DA51625-0F2C-4E2A-9FEA-2744D8CC951C}.Release|Any CPU.ActiveCfg = Release|Any CPU
		{1DA51625-0F2C-4E2A-9FEA-2744D8CC951C}.Release|Any CPU.Build.0 = Release|Any CPU
		{42B6A746-3A77-4E50-92AC-10614CD395BA}.Debug|Any CPU.ActiveCfg = Debug|Any CPU
		{42B6A746-3A77-4E50-92AC-10614CD395BA}.Debug|Any CPU.Build.0 = Debug|Any CPU
		{42B6A746-3A77-4E50-92AC-10614CD395BA}.Release|Any CPU.ActiveCfg = Release|Any CPU
		{42B6A746-3A77-4E50-92AC-10614CD395BA}.Release|Any CPU.Build.0 = Release|Any CPU
		{7FF29E8F-B67A-4DFA-B8FD-F1B95A870CBA}.Debug|Any CPU.ActiveCfg = Debug|Any CPU
		{7FF29E8F-B67A-4DFA-B8FD-F1B95A870CBA}.Debug|Any CPU.Build.0 = Debug|Any CPU
		{7FF29E8F-B67A-4DFA-B8FD-F1B95A870CBA}.Release|Any CPU.ActiveCfg = Release|Any CPU
		{7FF29E8F-B67A-4DFA-B8FD-F1B95A870CBA}.Release|Any CPU.Build.0 = Release|Any CPU
		{C59DA070-0562-4CF5-A31B-B5CBCB6B2438}.Debug|Any CPU.ActiveCfg = Debug|Any CPU
		{C59DA070-0562-4CF5-A31B-B5CBCB6B2438}.Debug|Any CPU.Build.0 = Debug|Any CPU
		{C59DA070-0562-4CF5-A31B-B5CBCB6B2438}.Release|Any CPU.ActiveCfg = Release|Any CPU
		{C59DA070-0562-4CF5-A31B-B5CBCB6B2438}.Release|Any CPU.Build.0 = Release|Any CPU
		{0B9F739E-F9B6-4D5F-9699-BBDA80D599A2}.Debug|Any CPU.ActiveCfg = Debug|Any CPU
		{0B9F739E-F9B6-4D5F-9699-BBDA80D599A2}.Debug|Any CPU.Build.0 = Debug|Any CPU
		{0B9F739E-F9B6-4D5F-9699-BBDA80D599A2}.Release|Any CPU.ActiveCfg = Release|Any CPU
		{0B9F739E-F9B6-4D5F-9699-BBDA80D599A2}.Release|Any CPU.Build.0 = Release|Any CPU
		{B1D3CD22-CF6C-4728-BCA2-C06365D9E703}.Debug|Any CPU.ActiveCfg = Debug|Any CPU
		{B1D3CD22-CF6C-4728-BCA2-C06365D9E703}.Debug|Any CPU.Build.0 = Debug|Any CPU
		{B1D3CD22-CF6C-4728-BCA2-C06365D9E703}.Release|Any CPU.ActiveCfg = Release|Any CPU
		{B1D3CD22-CF6C-4728-BCA2-C06365D9E703}.Release|Any CPU.Build.0 = Release|Any CPU
		{F7E8611F-AF9E-441B-91F0-5E3B1C844238}.Debug|Any CPU.ActiveCfg = Debug|Any CPU
		{F7E8611F-AF9E-441B-91F0-5E3B1C844238}.Debug|Any CPU.Build.0 = Debug|Any CPU
		{F7E8611F-AF9E-441B-91F0-5E3B1C844238}.Release|Any CPU.ActiveCfg = Release|Any CPU
		{F7E8611F-AF9E-441B-91F0-5E3B1C844238}.Release|Any CPU.Build.0 = Release|Any CPU
		{580C4799-F6B9-4EB8-85EA-7163489C97C8}.Debug|Any CPU.ActiveCfg = Debug|Any CPU
		{580C4799-F6B9-4EB8-85EA-7163489C97C8}.Debug|Any CPU.Build.0 = Debug|Any CPU
		{580C4799-F6B9-4EB8-85EA-7163489C97C8}.Release|Any CPU.ActiveCfg = Release|Any CPU
		{580C4799-F6B9-4EB8-85EA-7163489C97C8}.Release|Any CPU.Build.0 = Release|Any CPU
		{45EA4A43-5454-4F55-80B5-F2A3D86D99B4}.Debug|Any CPU.ActiveCfg = Debug|Any CPU
		{45EA4A43-5454-4F55-80B5-F2A3D86D99B4}.Debug|Any CPU.Build.0 = Debug|Any CPU
		{45EA4A43-5454-4F55-80B5-F2A3D86D99B4}.Release|Any CPU.ActiveCfg = Release|Any CPU
		{45EA4A43-5454-4F55-80B5-F2A3D86D99B4}.Release|Any CPU.Build.0 = Release|Any CPU
		{D61C818C-1747-4123-8648-2E11D6E2331B}.Debug|Any CPU.ActiveCfg = Debug|Any CPU
		{D61C818C-1747-4123-8648-2E11D6E2331B}.Debug|Any CPU.Build.0 = Debug|Any CPU
		{D61C818C-1747-4123-8648-2E11D6E2331B}.Release|Any CPU.ActiveCfg = Release|Any CPU
		{D61C818C-1747-4123-8648-2E11D6E2331B}.Release|Any CPU.Build.0 = Release|Any CPU
		{90F53778-3835-4109-AB50-42E727EA991D}.Debug|Any CPU.ActiveCfg = Debug|Any CPU
		{90F53778-3835-4109-AB50-42E727EA991D}.Debug|Any CPU.Build.0 = Debug|Any CPU
		{90F53778-3835-4109-AB50-42E727EA991D}.Release|Any CPU.ActiveCfg = Release|Any CPU
		{90F53778-3835-4109-AB50-42E727EA991D}.Release|Any CPU.Build.0 = Release|Any CPU
		{81B3BD5D-83D3-4CB8-B210-9894D6228E3D}.Debug|Any CPU.ActiveCfg = Debug|Any CPU
		{81B3BD5D-83D3-4CB8-B210-9894D6228E3D}.Debug|Any CPU.Build.0 = Debug|Any CPU
		{81B3BD5D-83D3-4CB8-B210-9894D6228E3D}.Release|Any CPU.ActiveCfg = Release|Any CPU
		{81B3BD5D-83D3-4CB8-B210-9894D6228E3D}.Release|Any CPU.Build.0 = Release|Any CPU
	EndGlobalSection
	GlobalSection(SolutionProperties) = preSolution
		HideSolutionNode = FALSE
	EndGlobalSection
	GlobalSection(ExtensibilityGlobals) = postSolution
		SolutionGuid = {83B4DE34-F8DD-4DB5-A087-9ED4A52CFA62}
	EndGlobalSection
EndGlobal
