
Microsoft Visual Studio Solution File, Format Version 12.00
# Visual Studio 15
VisualStudioVersion = 15.0.28010.2046
MinimumVisualStudioVersion = 10.0.40219.1
Project("{FAE04EC0-301F-11D3-BF4B-00C04F79EFBC}") = "Task_01", "Task_01\Task_01.csproj", "{5807A98A-CE3E-4AF6-831B-4C48A40E13F0}"
EndProject
Project("{FAE04EC0-301F-11D3-BF4B-00C04F79EFBC}") = "Task_02", "Task_02\Task_02.csproj", "{82CA36C1-7BD5-4B3B-94A7-47FAB04AA7D7}"
EndProject
Project("{FAE04EC0-301F-11D3-BF4B-00C04F79EFBC}") = "Task_03", "Task_03\Task_03.csproj", "{78E3A28D-7BDD-4A48-8059-6C58BA67FC8A}"
EndProject
Project("{FAE04EC0-301F-11D3-BF4B-00C04F79EFBC}") = "Task_04", "Task_04\Task_04.csproj", "{7816072A-8372-493C-BEB2-22264918399F}"
EndProject
Project("{FAE04EC0-301F-11D3-BF4B-00C04F79EFBC}") = "Task_05", "Task_05\Task_05.csproj", "{D14D477E-9EA0-4A92-BCC1-640D6C832A19}"
EndProject
Project("{FAE04EC0-301F-11D3-BF4B-00C04F79EFBC}") = "Task_06", "Task_06\Task_06.csproj", "{D8299656-CBB7-400A-B73E-ED78DFD949CF}"
EndProject
Project("{FAE04EC0-301F-11D3-BF4B-00C04F79EFBC}") = "Task_07", "Task_07\Task_07.csproj", "{3551FEBB-54AF-4B10-BB9E-ADC08B33A3D7}"
EndProject
Project("{FAE04EC0-301F-11D3-BF4B-00C04F79EFBC}") = "Task_08", "Task_08\Task_08.csproj", "{2027A7B9-0DF3-4263-B3E1-7ABC9CAD74EB}"
EndProject
Project("{FAE04EC0-301F-11D3-BF4B-00C04F79EFBC}") = "Task_09", "Task_09\Task_09.csproj", "{E93BFCEF-02DA-42FF-96BE-7EF66CA0D81A}"
EndProject
Project("{FAE04EC0-301F-11D3-BF4B-00C04F79EFBC}") = "Task_10", "Task_10\Task_10.csproj", "{CF2ED746-7097-4E1A-AAC3-29741BD2B255}"
EndProject
Project("{FAE04EC0-301F-11D3-BF4B-00C04F79EFBC}") = "Task_11", "Task_11\Task_11.csproj", "{2921E77D-094F-44C0-923C-B78ED4807E79}"
EndProject
Project("{FAE04EC0-301F-11D3-BF4B-00C04F79EFBC}") = "Task_12", "Task_12\Task_12.csproj", "{A067627D-491B-4BBB-92ED-8F0A9CC4C380}"
EndProject
Project("{FAE04EC0-301F-11D3-BF4B-00C04F79EFBC}") = "Task_13", "Task_13\Task_13.csproj", "{0994E62D-7F77-4922-849D-3930F4BF8E75}"
EndProject
Project("{FAE04EC0-301F-11D3-BF4B-00C04F79EFBC}") = "Task_14", "Task_14\Task_14.csproj", "{B443D263-DBC8-4E69-BEEE-A6AF7FEE916B}"
EndProject
Project("{FAE04EC0-301F-11D3-BF4B-00C04F79EFBC}") = "Task_15", "Task_15\Task_15.csproj", "{9CBB5133-3DEF-46F4-9792-F60AEE5F0B5A}"
EndProject
Project("{FAE04EC0-301F-11D3-BF4B-00C04F79EFBC}") = "Task_16", "Task_16\Task_16.csproj", "{BA133A7E-236C-4523-AE88-261BD76684C7}"
EndProject
Project("{FAE04EC0-301F-11D3-BF4B-00C04F79EFBC}") = "Task_17", "Task_17\Task_17.csproj", "{C76136F5-423C-4531-8EFF-32F0FE5D1D09}"
EndProject
Project("{FAE04EC0-301F-11D3-BF4B-00C04F79EFBC}") = "Task_18", "Task_18\Task_18.csproj", "{B5D0094E-C25F-449D-9B7B-3D62A62F96E2}"
EndProject
Global
	GlobalSection(SolutionConfigurationPlatforms) = preSolution
		Debug|Any CPU = Debug|Any CPU
		Release|Any CPU = Release|Any CPU
	EndGlobalSection
	GlobalSection(ProjectConfigurationPlatforms) = postSolution
		{5807A98A-CE3E-4AF6-831B-4C48A40E13F0}.Debug|Any CPU.ActiveCfg = Debug|Any CPU
		{5807A98A-CE3E-4AF6-831B-4C48A40E13F0}.Debug|Any CPU.Build.0 = Debug|Any CPU
		{5807A98A-CE3E-4AF6-831B-4C48A40E13F0}.Release|Any CPU.ActiveCfg = Release|Any CPU
		{5807A98A-CE3E-4AF6-831B-4C48A40E13F0}.Release|Any CPU.Build.0 = Release|Any CPU
		{82CA36C1-7BD5-4B3B-94A7-47FAB04AA7D7}.Debug|Any CPU.ActiveCfg = Debug|Any CPU
		{82CA36C1-7BD5-4B3B-94A7-47FAB04AA7D7}.Debug|Any CPU.Build.0 = Debug|Any CPU
		{82CA36C1-7BD5-4B3B-94A7-47FAB04AA7D7}.Release|Any CPU.ActiveCfg = Release|Any CPU
		{82CA36C1-7BD5-4B3B-94A7-47FAB04AA7D7}.Release|Any CPU.Build.0 = Release|Any CPU
		{78E3A28D-7BDD-4A48-8059-6C58BA67FC8A}.Debug|Any CPU.ActiveCfg = Debug|Any CPU
		{78E3A28D-7BDD-4A48-8059-6C58BA67FC8A}.Debug|Any CPU.Build.0 = Debug|Any CPU
		{78E3A28D-7BDD-4A48-8059-6C58BA67FC8A}.Release|Any CPU.ActiveCfg = Release|Any CPU
		{78E3A28D-7BDD-4A48-8059-6C58BA67FC8A}.Release|Any CPU.Build.0 = Release|Any CPU
		{7816072A-8372-493C-BEB2-22264918399F}.Debug|Any CPU.ActiveCfg = Debug|Any CPU
		{7816072A-8372-493C-BEB2-22264918399F}.Debug|Any CPU.Build.0 = Debug|Any CPU
		{7816072A-8372-493C-BEB2-22264918399F}.Release|Any CPU.ActiveCfg = Release|Any CPU
		{7816072A-8372-493C-BEB2-22264918399F}.Release|Any CPU.Build.0 = Release|Any CPU
		{D14D477E-9EA0-4A92-BCC1-640D6C832A19}.Debug|Any CPU.ActiveCfg = Debug|Any CPU
		{D14D477E-9EA0-4A92-BCC1-640D6C832A19}.Debug|Any CPU.Build.0 = Debug|Any CPU
		{D14D477E-9EA0-4A92-BCC1-640D6C832A19}.Release|Any CPU.ActiveCfg = Release|Any CPU
		{D14D477E-9EA0-4A92-BCC1-640D6C832A19}.Release|Any CPU.Build.0 = Release|Any CPU
		{D8299656-CBB7-400A-B73E-ED78DFD949CF}.Debug|Any CPU.ActiveCfg = Debug|Any CPU
		{D8299656-CBB7-400A-B73E-ED78DFD949CF}.Debug|Any CPU.Build.0 = Debug|Any CPU
		{D8299656-CBB7-400A-B73E-ED78DFD949CF}.Release|Any CPU.ActiveCfg = Release|Any CPU
		{D8299656-CBB7-400A-B73E-ED78DFD949CF}.Release|Any CPU.Build.0 = Release|Any CPU
		{3551FEBB-54AF-4B10-BB9E-ADC08B33A3D7}.Debug|Any CPU.ActiveCfg = Debug|Any CPU
		{3551FEBB-54AF-4B10-BB9E-ADC08B33A3D7}.Debug|Any CPU.Build.0 = Debug|Any CPU
		{3551FEBB-54AF-4B10-BB9E-ADC08B33A3D7}.Release|Any CPU.ActiveCfg = Release|Any CPU
		{3551FEBB-54AF-4B10-BB9E-ADC08B33A3D7}.Release|Any CPU.Build.0 = Release|Any CPU
		{2027A7B9-0DF3-4263-B3E1-7ABC9CAD74EB}.Debug|Any CPU.ActiveCfg = Debug|Any CPU
		{2027A7B9-0DF3-4263-B3E1-7ABC9CAD74EB}.Debug|Any CPU.Build.0 = Debug|Any CPU
		{2027A7B9-0DF3-4263-B3E1-7ABC9CAD74EB}.Release|Any CPU.ActiveCfg = Release|Any CPU
		{2027A7B9-0DF3-4263-B3E1-7ABC9CAD74EB}.Release|Any CPU.Build.0 = Release|Any CPU
		{E93BFCEF-02DA-42FF-96BE-7EF66CA0D81A}.Debug|Any CPU.ActiveCfg = Debug|Any CPU
		{E93BFCEF-02DA-42FF-96BE-7EF66CA0D81A}.Debug|Any CPU.Build.0 = Debug|Any CPU
		{E93BFCEF-02DA-42FF-96BE-7EF66CA0D81A}.Release|Any CPU.ActiveCfg = Release|Any CPU
		{E93BFCEF-02DA-42FF-96BE-7EF66CA0D81A}.Release|Any CPU.Build.0 = Release|Any CPU
		{CF2ED746-7097-4E1A-AAC3-29741BD2B255}.Debug|Any CPU.ActiveCfg = Debug|Any CPU
		{CF2ED746-7097-4E1A-AAC3-29741BD2B255}.Debug|Any CPU.Build.0 = Debug|Any CPU
		{CF2ED746-7097-4E1A-AAC3-29741BD2B255}.Release|Any CPU.ActiveCfg = Release|Any CPU
		{CF2ED746-7097-4E1A-AAC3-29741BD2B255}.Release|Any CPU.Build.0 = Release|Any CPU
		{2921E77D-094F-44C0-923C-B78ED4807E79}.Debug|Any CPU.ActiveCfg = Debug|Any CPU
		{2921E77D-094F-44C0-923C-B78ED4807E79}.Debug|Any CPU.Build.0 = Debug|Any CPU
		{2921E77D-094F-44C0-923C-B78ED4807E79}.Release|Any CPU.ActiveCfg = Release|Any CPU
		{2921E77D-094F-44C0-923C-B78ED4807E79}.Release|Any CPU.Build.0 = Release|Any CPU
		{A067627D-491B-4BBB-92ED-8F0A9CC4C380}.Debug|Any CPU.ActiveCfg = Debug|Any CPU
		{A067627D-491B-4BBB-92ED-8F0A9CC4C380}.Debug|Any CPU.Build.0 = Debug|Any CPU
		{A067627D-491B-4BBB-92ED-8F0A9CC4C380}.Release|Any CPU.ActiveCfg = Release|Any CPU
		{A067627D-491B-4BBB-92ED-8F0A9CC4C380}.Release|Any CPU.Build.0 = Release|Any CPU
		{0994E62D-7F77-4922-849D-3930F4BF8E75}.Debug|Any CPU.ActiveCfg = Debug|Any CPU
		{0994E62D-7F77-4922-849D-3930F4BF8E75}.Debug|Any CPU.Build.0 = Debug|Any CPU
		{0994E62D-7F77-4922-849D-3930F4BF8E75}.Release|Any CPU.ActiveCfg = Release|Any CPU
		{0994E62D-7F77-4922-849D-3930F4BF8E75}.Release|Any CPU.Build.0 = Release|Any CPU
		{B443D263-DBC8-4E69-BEEE-A6AF7FEE916B}.Debug|Any CPU.ActiveCfg = Debug|Any CPU
		{B443D263-DBC8-4E69-BEEE-A6AF7FEE916B}.Debug|Any CPU.Build.0 = Debug|Any CPU
		{B443D263-DBC8-4E69-BEEE-A6AF7FEE916B}.Release|Any CPU.ActiveCfg = Release|Any CPU
		{B443D263-DBC8-4E69-BEEE-A6AF7FEE916B}.Release|Any CPU.Build.0 = Release|Any CPU
		{9CBB5133-3DEF-46F4-9792-F60AEE5F0B5A}.Debug|Any CPU.ActiveCfg = Debug|Any CPU
		{9CBB5133-3DEF-46F4-9792-F60AEE5F0B5A}.Debug|Any CPU.Build.0 = Debug|Any CPU
		{9CBB5133-3DEF-46F4-9792-F60AEE5F0B5A}.Release|Any CPU.ActiveCfg = Release|Any CPU
		{9CBB5133-3DEF-46F4-9792-F60AEE5F0B5A}.Release|Any CPU.Build.0 = Release|Any CPU
		{BA133A7E-236C-4523-AE88-261BD76684C7}.Debug|Any CPU.ActiveCfg = Debug|Any CPU
		{BA133A7E-236C-4523-AE88-261BD76684C7}.Debug|Any CPU.Build.0 = Debug|Any CPU
		{BA133A7E-236C-4523-AE88-261BD76684C7}.Release|Any CPU.ActiveCfg = Release|Any CPU
		{BA133A7E-236C-4523-AE88-261BD76684C7}.Release|Any CPU.Build.0 = Release|Any CPU
		{C76136F5-423C-4531-8EFF-32F0FE5D1D09}.Debug|Any CPU.ActiveCfg = Debug|Any CPU
		{C76136F5-423C-4531-8EFF-32F0FE5D1D09}.Debug|Any CPU.Build.0 = Debug|Any CPU
		{C76136F5-423C-4531-8EFF-32F0FE5D1D09}.Release|Any CPU.ActiveCfg = Release|Any CPU
		{C76136F5-423C-4531-8EFF-32F0FE5D1D09}.Release|Any CPU.Build.0 = Release|Any CPU
		{B5D0094E-C25F-449D-9B7B-3D62A62F96E2}.Debug|Any CPU.ActiveCfg = Debug|Any CPU
		{B5D0094E-C25F-449D-9B7B-3D62A62F96E2}.Debug|Any CPU.Build.0 = Debug|Any CPU
		{B5D0094E-C25F-449D-9B7B-3D62A62F96E2}.Release|Any CPU.ActiveCfg = Release|Any CPU
		{B5D0094E-C25F-449D-9B7B-3D62A62F96E2}.Release|Any CPU.Build.0 = Release|Any CPU
	EndGlobalSection
	GlobalSection(SolutionProperties) = preSolution
		HideSolutionNode = FALSE
	EndGlobalSection
	GlobalSection(ExtensibilityGlobals) = postSolution
		SolutionGuid = {049FDB70-A214-4863-AEEE-C9ACD8878F60}
	EndGlobalSection
EndGlobal
