
Microsoft Visual Studio Solution File, Format Version 12.00
# Visual Studio 15
VisualStudioVersion = 15.0.28307.102
MinimumVisualStudioVersion = 10.0.40219.1
Project("{FAE04EC0-301F-11D3-BF4B-00C04F79EFBC}") = "Task_01", "Task_01\Task_01.csproj", "{E2794E2F-539D-446E-AB13-C36D2CE83CC8}"
EndProject
Project("{FAE04EC0-301F-11D3-BF4B-00C04F79EFBC}") = "Task_02", "Task_02\Task_02.csproj", "{BD0F6243-D29F-4E58-BF8E-10C46A25937F}"
EndProject
Project("{FAE04EC0-301F-11D3-BF4B-00C04F79EFBC}") = "Task_03", "Task_03\Task_03.csproj", "{A48BC3AA-38D0-404F-AEA7-10B326205C02}"
EndProject
Project("{FAE04EC0-301F-11D3-BF4B-00C04F79EFBC}") = "Task_04", "Task_04\Task_04.csproj", "{488DE5CA-E043-431D-BD89-6A6E351CA0F9}"
EndProject
Project("{FAE04EC0-301F-11D3-BF4B-00C04F79EFBC}") = "Task_05", "Task_05\Task_05.csproj", "{2479606C-1272-4128-8A5A-4E4E70D95D14}"
EndProject
Project("{FAE04EC0-301F-11D3-BF4B-00C04F79EFBC}") = "Task_06", "Task_06\Task_06.csproj", "{72B1BC68-F62D-4464-A4D2-BEF26842D821}"
EndProject
Project("{FAE04EC0-301F-11D3-BF4B-00C04F79EFBC}") = "Task_07", "Task_07\Task_07.csproj", "{B0963E71-A696-4262-8213-7DCAF2B5F93B}"
EndProject
Project("{FAE04EC0-301F-11D3-BF4B-00C04F79EFBC}") = "Task_08", "Task_08\Task_08.csproj", "{768F4267-7374-4895-A825-A3FD0B1D04B8}"
EndProject
Project("{FAE04EC0-301F-11D3-BF4B-00C04F79EFBC}") = "Task_09", "Task_09\Task_09.csproj", "{00DE8B68-D3DA-47A9-A4C1-802BEE06A0BC}"
EndProject
Project("{FAE04EC0-301F-11D3-BF4B-00C04F79EFBC}") = "Task_10", "Task_10\Task_10.csproj", "{617794D6-9B6A-4C14-94A2-FA985FF15FF9}"
EndProject
Project("{FAE04EC0-301F-11D3-BF4B-00C04F79EFBC}") = "Task_11", "Task_11\Task_11.csproj", "{2DB3C234-20E0-4680-B76D-DCD81BBF9BD9}"
EndProject
Project("{FAE04EC0-301F-11D3-BF4B-00C04F79EFBC}") = "Task_12", "Task_12\Task_12.csproj", "{CFBA675F-3E44-438A-A413-EFB064A83DD5}"
EndProject
Project("{FAE04EC0-301F-11D3-BF4B-00C04F79EFBC}") = "Task_13", "Task_13\Task_13.csproj", "{24FAB1B4-D211-4842-BAFE-71A68BE1BB7C}"
EndProject
Project("{FAE04EC0-301F-11D3-BF4B-00C04F79EFBC}") = "Task_14", "Task_14\Task_14.csproj", "{DF93C214-B4C4-4980-A8C0-E26A4D5126B7}"
EndProject
Project("{FAE04EC0-301F-11D3-BF4B-00C04F79EFBC}") = "Task_15", "Task_15\Task_15.csproj", "{455C7C06-0899-49F1-BB77-929C602D3A32}"
EndProject
Global
	GlobalSection(SolutionConfigurationPlatforms) = preSolution
		Debug|Any CPU = Debug|Any CPU
		Release|Any CPU = Release|Any CPU
	EndGlobalSection
	GlobalSection(ProjectConfigurationPlatforms) = postSolution
		{E2794E2F-539D-446E-AB13-C36D2CE83CC8}.Debug|Any CPU.ActiveCfg = Debug|Any CPU
		{E2794E2F-539D-446E-AB13-C36D2CE83CC8}.Debug|Any CPU.Build.0 = Debug|Any CPU
		{E2794E2F-539D-446E-AB13-C36D2CE83CC8}.Release|Any CPU.ActiveCfg = Release|Any CPU
		{E2794E2F-539D-446E-AB13-C36D2CE83CC8}.Release|Any CPU.Build.0 = Release|Any CPU
		{BD0F6243-D29F-4E58-BF8E-10C46A25937F}.Debug|Any CPU.ActiveCfg = Debug|Any CPU
		{BD0F6243-D29F-4E58-BF8E-10C46A25937F}.Debug|Any CPU.Build.0 = Debug|Any CPU
		{BD0F6243-D29F-4E58-BF8E-10C46A25937F}.Release|Any CPU.ActiveCfg = Release|Any CPU
		{BD0F6243-D29F-4E58-BF8E-10C46A25937F}.Release|Any CPU.Build.0 = Release|Any CPU
		{A48BC3AA-38D0-404F-AEA7-10B326205C02}.Debug|Any CPU.ActiveCfg = Debug|Any CPU
		{A48BC3AA-38D0-404F-AEA7-10B326205C02}.Debug|Any CPU.Build.0 = Debug|Any CPU
		{A48BC3AA-38D0-404F-AEA7-10B326205C02}.Release|Any CPU.ActiveCfg = Release|Any CPU
		{A48BC3AA-38D0-404F-AEA7-10B326205C02}.Release|Any CPU.Build.0 = Release|Any CPU
		{488DE5CA-E043-431D-BD89-6A6E351CA0F9}.Debug|Any CPU.ActiveCfg = Debug|Any CPU
		{488DE5CA-E043-431D-BD89-6A6E351CA0F9}.Debug|Any CPU.Build.0 = Debug|Any CPU
		{488DE5CA-E043-431D-BD89-6A6E351CA0F9}.Release|Any CPU.ActiveCfg = Release|Any CPU
		{488DE5CA-E043-431D-BD89-6A6E351CA0F9}.Release|Any CPU.Build.0 = Release|Any CPU
		{2479606C-1272-4128-8A5A-4E4E70D95D14}.Debug|Any CPU.ActiveCfg = Debug|Any CPU
		{2479606C-1272-4128-8A5A-4E4E70D95D14}.Debug|Any CPU.Build.0 = Debug|Any CPU
		{2479606C-1272-4128-8A5A-4E4E70D95D14}.Release|Any CPU.ActiveCfg = Release|Any CPU
		{2479606C-1272-4128-8A5A-4E4E70D95D14}.Release|Any CPU.Build.0 = Release|Any CPU
		{72B1BC68-F62D-4464-A4D2-BEF26842D821}.Debug|Any CPU.ActiveCfg = Debug|Any CPU
		{72B1BC68-F62D-4464-A4D2-BEF26842D821}.Debug|Any CPU.Build.0 = Debug|Any CPU
		{72B1BC68-F62D-4464-A4D2-BEF26842D821}.Release|Any CPU.ActiveCfg = Release|Any CPU
		{72B1BC68-F62D-4464-A4D2-BEF26842D821}.Release|Any CPU.Build.0 = Release|Any CPU
		{B0963E71-A696-4262-8213-7DCAF2B5F93B}.Debug|Any CPU.ActiveCfg = Debug|Any CPU
		{B0963E71-A696-4262-8213-7DCAF2B5F93B}.Debug|Any CPU.Build.0 = Debug|Any CPU
		{B0963E71-A696-4262-8213-7DCAF2B5F93B}.Release|Any CPU.ActiveCfg = Release|Any CPU
		{B0963E71-A696-4262-8213-7DCAF2B5F93B}.Release|Any CPU.Build.0 = Release|Any CPU
		{768F4267-7374-4895-A825-A3FD0B1D04B8}.Debug|Any CPU.ActiveCfg = Debug|Any CPU
		{768F4267-7374-4895-A825-A3FD0B1D04B8}.Debug|Any CPU.Build.0 = Debug|Any CPU
		{768F4267-7374-4895-A825-A3FD0B1D04B8}.Release|Any CPU.ActiveCfg = Release|Any CPU
		{768F4267-7374-4895-A825-A3FD0B1D04B8}.Release|Any CPU.Build.0 = Release|Any CPU
		{00DE8B68-D3DA-47A9-A4C1-802BEE06A0BC}.Debug|Any CPU.ActiveCfg = Debug|Any CPU
		{00DE8B68-D3DA-47A9-A4C1-802BEE06A0BC}.Debug|Any CPU.Build.0 = Debug|Any CPU
		{00DE8B68-D3DA-47A9-A4C1-802BEE06A0BC}.Release|Any CPU.ActiveCfg = Release|Any CPU
		{00DE8B68-D3DA-47A9-A4C1-802BEE06A0BC}.Release|Any CPU.Build.0 = Release|Any CPU
		{617794D6-9B6A-4C14-94A2-FA985FF15FF9}.Debug|Any CPU.ActiveCfg = Debug|Any CPU
		{617794D6-9B6A-4C14-94A2-FA985FF15FF9}.Debug|Any CPU.Build.0 = Debug|Any CPU
		{617794D6-9B6A-4C14-94A2-FA985FF15FF9}.Release|Any CPU.ActiveCfg = Release|Any CPU
		{617794D6-9B6A-4C14-94A2-FA985FF15FF9}.Release|Any CPU.Build.0 = Release|Any CPU
		{2DB3C234-20E0-4680-B76D-DCD81BBF9BD9}.Debug|Any CPU.ActiveCfg = Debug|Any CPU
		{2DB3C234-20E0-4680-B76D-DCD81BBF9BD9}.Debug|Any CPU.Build.0 = Debug|Any CPU
		{2DB3C234-20E0-4680-B76D-DCD81BBF9BD9}.Release|Any CPU.ActiveCfg = Release|Any CPU
		{2DB3C234-20E0-4680-B76D-DCD81BBF9BD9}.Release|Any CPU.Build.0 = Release|Any CPU
		{CFBA675F-3E44-438A-A413-EFB064A83DD5}.Debug|Any CPU.ActiveCfg = Debug|Any CPU
		{CFBA675F-3E44-438A-A413-EFB064A83DD5}.Debug|Any CPU.Build.0 = Debug|Any CPU
		{CFBA675F-3E44-438A-A413-EFB064A83DD5}.Release|Any CPU.ActiveCfg = Release|Any CPU
		{CFBA675F-3E44-438A-A413-EFB064A83DD5}.Release|Any CPU.Build.0 = Release|Any CPU
		{24FAB1B4-D211-4842-BAFE-71A68BE1BB7C}.Debug|Any CPU.ActiveCfg = Debug|Any CPU
		{24FAB1B4-D211-4842-BAFE-71A68BE1BB7C}.Debug|Any CPU.Build.0 = Debug|Any CPU
		{24FAB1B4-D211-4842-BAFE-71A68BE1BB7C}.Release|Any CPU.ActiveCfg = Release|Any CPU
		{24FAB1B4-D211-4842-BAFE-71A68BE1BB7C}.Release|Any CPU.Build.0 = Release|Any CPU
		{DF93C214-B4C4-4980-A8C0-E26A4D5126B7}.Debug|Any CPU.ActiveCfg = Debug|Any CPU
		{DF93C214-B4C4-4980-A8C0-E26A4D5126B7}.Debug|Any CPU.Build.0 = Debug|Any CPU
		{DF93C214-B4C4-4980-A8C0-E26A4D5126B7}.Release|Any CPU.ActiveCfg = Release|Any CPU
		{DF93C214-B4C4-4980-A8C0-E26A4D5126B7}.Release|Any CPU.Build.0 = Release|Any CPU
		{455C7C06-0899-49F1-BB77-929C602D3A32}.Debug|Any CPU.ActiveCfg = Debug|Any CPU
		{455C7C06-0899-49F1-BB77-929C602D3A32}.Debug|Any CPU.Build.0 = Debug|Any CPU
		{455C7C06-0899-49F1-BB77-929C602D3A32}.Release|Any CPU.ActiveCfg = Release|Any CPU
		{455C7C06-0899-49F1-BB77-929C602D3A32}.Release|Any CPU.Build.0 = Release|Any CPU
	EndGlobalSection
	GlobalSection(SolutionProperties) = preSolution
		HideSolutionNode = FALSE
	EndGlobalSection
	GlobalSection(ExtensibilityGlobals) = postSolution
		SolutionGuid = {07E89246-CA5E-4EE3-8814-B682E52A8B1A}
	EndGlobalSection
EndGlobal
