
Microsoft Visual Studio Solution File, Format Version 12.00
# Visual Studio 15
VisualStudioVersion = 15.0.28010.2046
MinimumVisualStudioVersion = 10.0.40219.1
Project("{9A19103F-16F7-4668-BE54-9A1E7A4F7556}") = "Task_01", "Task_1\Task_01.csproj", "{84A9C0A2-9687-4388-8C62-7762F219D46A}"
EndProject
Project("{9A19103F-16F7-4668-BE54-9A1E7A4F7556}") = "Task_02", "Task_2\Task_02.csproj", "{D4F47E85-491E-4B15-B9BE-B0DD6158B27E}"
EndProject
Project("{9A19103F-16F7-4668-BE54-9A1E7A4F7556}") = "Task_03", "Task_3\Task_03.csproj", "{DFC5DC83-64BE-451B-9A51-11B8DAD9EA5D}"
EndProject
Project("{9A19103F-16F7-4668-BE54-9A1E7A4F7556}") = "Task_04", "Task_4\Task_04.csproj", "{AD3C9AC0-9277-4C18-B2C2-53C28FCA0C90}"
EndProject
Project("{9A19103F-16F7-4668-BE54-9A1E7A4F7556}") = "Task_05", "Task_5\Task_05.csproj", "{30727A13-51C6-4F77-AED9-0C9B21DF62AF}"
EndProject
Project("{9A19103F-16F7-4668-BE54-9A1E7A4F7556}") = "Task_06", "Task_6\Task_06.csproj", "{0CB871A9-73D5-4729-BDE3-3A3CF947D078}"
EndProject
Project("{9A19103F-16F7-4668-BE54-9A1E7A4F7556}") = "Task_07", "Task_7\Task_07.csproj", "{F8D1C4F2-A4EC-4BF8-98D6-D4DBD4829BDD}"
EndProject
Project("{9A19103F-16F7-4668-BE54-9A1E7A4F7556}") = "Task_08", "Task_8\Task_08.csproj", "{C6D539FF-1A36-487E-8D81-EE60EBF311B9}"
EndProject
Project("{9A19103F-16F7-4668-BE54-9A1E7A4F7556}") = "Task_09", "Task_9\Task_09.csproj", "{8D6A488F-E3E4-49C3-B035-DBC3396221C7}"
EndProject
Project("{9A19103F-16F7-4668-BE54-9A1E7A4F7556}") = "Task_10", "Task_10\Task_10.csproj", "{C9C6345B-A25F-461D-AE7E-21DC17A52DD8}"
EndProject
Project("{9A19103F-16F7-4668-BE54-9A1E7A4F7556}") = "Task_11", "Task_11\Task_11.csproj", "{3380F71C-0E37-42BC-AAD7-6325C99FD986}"
EndProject
Project("{9A19103F-16F7-4668-BE54-9A1E7A4F7556}") = "Task_12", "Task_12\Task_12.csproj", "{4B842FD9-8339-42FC-AD92-831B382EE614}"
EndProject
Project("{9A19103F-16F7-4668-BE54-9A1E7A4F7556}") = "Task_13", "Task_13\Task_13.csproj", "{60DA7CC7-2427-4932-8AEA-54449BCF7B21}"
EndProject
Project("{9A19103F-16F7-4668-BE54-9A1E7A4F7556}") = "Task_14", "Task_14\Task_14.csproj", "{EB99A333-5D80-4713-B36E-6A7EE576FA61}"
EndProject
Global
	GlobalSection(SolutionConfigurationPlatforms) = preSolution
		Debug|Any CPU = Debug|Any CPU
		Release|Any CPU = Release|Any CPU
	EndGlobalSection
	GlobalSection(ProjectConfigurationPlatforms) = postSolution
		{84A9C0A2-9687-4388-8C62-7762F219D46A}.Debug|Any CPU.ActiveCfg = Debug|Any CPU
		{84A9C0A2-9687-4388-8C62-7762F219D46A}.Debug|Any CPU.Build.0 = Debug|Any CPU
		{84A9C0A2-9687-4388-8C62-7762F219D46A}.Release|Any CPU.ActiveCfg = Release|Any CPU
		{84A9C0A2-9687-4388-8C62-7762F219D46A}.Release|Any CPU.Build.0 = Release|Any CPU
		{D4F47E85-491E-4B15-B9BE-B0DD6158B27E}.Debug|Any CPU.ActiveCfg = Debug|Any CPU
		{D4F47E85-491E-4B15-B9BE-B0DD6158B27E}.Debug|Any CPU.Build.0 = Debug|Any CPU
		{D4F47E85-491E-4B15-B9BE-B0DD6158B27E}.Release|Any CPU.ActiveCfg = Release|Any CPU
		{D4F47E85-491E-4B15-B9BE-B0DD6158B27E}.Release|Any CPU.Build.0 = Release|Any CPU
		{DFC5DC83-64BE-451B-9A51-11B8DAD9EA5D}.Debug|Any CPU.ActiveCfg = Debug|Any CPU
		{DFC5DC83-64BE-451B-9A51-11B8DAD9EA5D}.Debug|Any CPU.Build.0 = Debug|Any CPU
		{DFC5DC83-64BE-451B-9A51-11B8DAD9EA5D}.Release|Any CPU.ActiveCfg = Release|Any CPU
		{DFC5DC83-64BE-451B-9A51-11B8DAD9EA5D}.Release|Any CPU.Build.0 = Release|Any CPU
		{AD3C9AC0-9277-4C18-B2C2-53C28FCA0C90}.Debug|Any CPU.ActiveCfg = Debug|Any CPU
		{AD3C9AC0-9277-4C18-B2C2-53C28FCA0C90}.Debug|Any CPU.Build.0 = Debug|Any CPU
		{AD3C9AC0-9277-4C18-B2C2-53C28FCA0C90}.Release|Any CPU.ActiveCfg = Release|Any CPU
		{AD3C9AC0-9277-4C18-B2C2-53C28FCA0C90}.Release|Any CPU.Build.0 = Release|Any CPU
		{30727A13-51C6-4F77-AED9-0C9B21DF62AF}.Debug|Any CPU.ActiveCfg = Debug|Any CPU
		{30727A13-51C6-4F77-AED9-0C9B21DF62AF}.Debug|Any CPU.Build.0 = Debug|Any CPU
		{30727A13-51C6-4F77-AED9-0C9B21DF62AF}.Release|Any CPU.ActiveCfg = Release|Any CPU
		{30727A13-51C6-4F77-AED9-0C9B21DF62AF}.Release|Any CPU.Build.0 = Release|Any CPU
		{0CB871A9-73D5-4729-BDE3-3A3CF947D078}.Debug|Any CPU.ActiveCfg = Debug|Any CPU
		{0CB871A9-73D5-4729-BDE3-3A3CF947D078}.Debug|Any CPU.Build.0 = Debug|Any CPU
		{0CB871A9-73D5-4729-BDE3-3A3CF947D078}.Release|Any CPU.ActiveCfg = Release|Any CPU
		{0CB871A9-73D5-4729-BDE3-3A3CF947D078}.Release|Any CPU.Build.0 = Release|Any CPU
		{F8D1C4F2-A4EC-4BF8-98D6-D4DBD4829BDD}.Debug|Any CPU.ActiveCfg = Debug|Any CPU
		{F8D1C4F2-A4EC-4BF8-98D6-D4DBD4829BDD}.Debug|Any CPU.Build.0 = Debug|Any CPU
		{F8D1C4F2-A4EC-4BF8-98D6-D4DBD4829BDD}.Release|Any CPU.ActiveCfg = Release|Any CPU
		{F8D1C4F2-A4EC-4BF8-98D6-D4DBD4829BDD}.Release|Any CPU.Build.0 = Release|Any CPU
		{C6D539FF-1A36-487E-8D81-EE60EBF311B9}.Debug|Any CPU.ActiveCfg = Debug|Any CPU
		{C6D539FF-1A36-487E-8D81-EE60EBF311B9}.Debug|Any CPU.Build.0 = Debug|Any CPU
		{C6D539FF-1A36-487E-8D81-EE60EBF311B9}.Release|Any CPU.ActiveCfg = Release|Any CPU
		{C6D539FF-1A36-487E-8D81-EE60EBF311B9}.Release|Any CPU.Build.0 = Release|Any CPU
		{8D6A488F-E3E4-49C3-B035-DBC3396221C7}.Debug|Any CPU.ActiveCfg = Debug|Any CPU
		{8D6A488F-E3E4-49C3-B035-DBC3396221C7}.Debug|Any CPU.Build.0 = Debug|Any CPU
		{8D6A488F-E3E4-49C3-B035-DBC3396221C7}.Release|Any CPU.ActiveCfg = Release|Any CPU
		{8D6A488F-E3E4-49C3-B035-DBC3396221C7}.Release|Any CPU.Build.0 = Release|Any CPU
		{C9C6345B-A25F-461D-AE7E-21DC17A52DD8}.Debug|Any CPU.ActiveCfg = Debug|Any CPU
		{C9C6345B-A25F-461D-AE7E-21DC17A52DD8}.Debug|Any CPU.Build.0 = Debug|Any CPU
		{C9C6345B-A25F-461D-AE7E-21DC17A52DD8}.Release|Any CPU.ActiveCfg = Release|Any CPU
		{C9C6345B-A25F-461D-AE7E-21DC17A52DD8}.Release|Any CPU.Build.0 = Release|Any CPU
		{3380F71C-0E37-42BC-AAD7-6325C99FD986}.Debug|Any CPU.ActiveCfg = Debug|Any CPU
		{3380F71C-0E37-42BC-AAD7-6325C99FD986}.Debug|Any CPU.Build.0 = Debug|Any CPU
		{3380F71C-0E37-42BC-AAD7-6325C99FD986}.Release|Any CPU.ActiveCfg = Release|Any CPU
		{3380F71C-0E37-42BC-AAD7-6325C99FD986}.Release|Any CPU.Build.0 = Release|Any CPU
		{4B842FD9-8339-42FC-AD92-831B382EE614}.Debug|Any CPU.ActiveCfg = Debug|Any CPU
		{4B842FD9-8339-42FC-AD92-831B382EE614}.Debug|Any CPU.Build.0 = Debug|Any CPU
		{4B842FD9-8339-42FC-AD92-831B382EE614}.Release|Any CPU.ActiveCfg = Release|Any CPU
		{4B842FD9-8339-42FC-AD92-831B382EE614}.Release|Any CPU.Build.0 = Release|Any CPU
		{60DA7CC7-2427-4932-8AEA-54449BCF7B21}.Debug|Any CPU.ActiveCfg = Debug|Any CPU
		{60DA7CC7-2427-4932-8AEA-54449BCF7B21}.Debug|Any CPU.Build.0 = Debug|Any CPU
		{60DA7CC7-2427-4932-8AEA-54449BCF7B21}.Release|Any CPU.ActiveCfg = Release|Any CPU
		{60DA7CC7-2427-4932-8AEA-54449BCF7B21}.Release|Any CPU.Build.0 = Release|Any CPU
		{EB99A333-5D80-4713-B36E-6A7EE576FA61}.Debug|Any CPU.ActiveCfg = Debug|Any CPU
		{EB99A333-5D80-4713-B36E-6A7EE576FA61}.Debug|Any CPU.Build.0 = Debug|Any CPU
		{EB99A333-5D80-4713-B36E-6A7EE576FA61}.Release|Any CPU.ActiveCfg = Release|Any CPU
		{EB99A333-5D80-4713-B36E-6A7EE576FA61}.Release|Any CPU.Build.0 = Release|Any CPU
	EndGlobalSection
	GlobalSection(SolutionProperties) = preSolution
		HideSolutionNode = FALSE
	EndGlobalSection
	GlobalSection(ExtensibilityGlobals) = postSolution
		SolutionGuid = {3FA69550-C6EF-458E-8A03-D06B9FF043BF}
	EndGlobalSection
EndGlobal
